{
  "requires": true,
  "lockfileVersion": 1,
  "dependencies": {
    "lodash.throttle": {
      "version": "4.1.1",
      "resolved": "https://registry.npmjs.org/lodash.throttle/-/lodash.throttle-4.1.1.tgz",
      "integrity": "sha1-wj6RtxAkKscMN/HhzaknTMOb8vQ="
    },
    "react-skillbars": {
      "version": "1.5.1",
      "resolved": "https://registry.npmjs.org/react-skillbars/-/react-skillbars-1.5.1.tgz",
      "integrity": "sha512-haXeSxaQb0ec7SgzYQhPx/uLDCSe7orztCykGo78QDdEiNUUWPXBph+Fo+tukEVqIah3vlox9Ye9EBFBxRl6pw==",
      "requires": {
        "lodash.throttle": "4.1.1"
      }
    }
  }
}
